
Microsoft Visual Studio Solution File, Format Version 12.00
# Visual Studio 15
Project("{FAE04EC0-301F-11D3-BF4B-00C04F79EFBC}") = "FPS Clicker", "Assembly-CSharp.csproj", "{E3C2314A-1241-2B43-F688-DF5CDCFBDBD2}"
EndProject
Global
	GlobalSection(SolutionConfigurationPlatforms) = preSolution
		Debug|Any CPU = Debug|Any CPU
		Release|Any CPU = Release|Any CPU
	EndGlobalSection
	GlobalSection(ProjectConfigurationPlatforms) = postSolution
		{E3C2314A-1241-2B43-F688-DF5CDCFBDBD2}.Debug|Any CPU.ActiveCfg = Debug|Any CPU
		{E3C2314A-1241-2B43-F688-DF5CDCFBDBD2}.Debug|Any CPU.Build.0 = Debug|Any CPU
		{E3C2314A-1241-2B43-F688-DF5CDCFBDBD2}.Release|Any CPU.ActiveCfg = Release|Any CPU
		{E3C2314A-1241-2B43-F688-DF5CDCFBDBD2}.Release|Any CPU.Build.0 = Release|Any CPU
	EndGlobalSection
	GlobalSection(SolutionProperties) = preSolution
		HideSolutionNode = FALSE
	EndGlobalSection
EndGlobal
